// !$*UTF8*$!
{
	archiveVersion = 1;
	classes = {
	};
	objectVersion = 71;
	objects = {

/* Begin PBXBuildFile section */
		0A00000100000000000001A9 /* Signaller/Resources/stations.json in Resources */ = {isa = PBXBuildFile; fileRef = 0A00000100000000000001A8 /* Signaller/Resources/stations.json */; };
		0A0000010000000000000001 /* Signaller/App/SignallerApp.swift in Sources */ = {isa = PBXBuildFile; fileRef = 0A0000010000000000000011 /* Signaller/App/SignallerApp.swift */; };
		0A0000010000000000000004 /* Signaller/App/LiveActivityController.swift in Sources */ = {isa = PBXBuildFile; fileRef = 0A0000010000000000000014 /* Signaller/App/LiveActivityController.swift */; };
		0A0000010000000000000005 /* Signaller/Shared/JourneyActivityAttributes.swift in Sources */ = {isa = PBXBuildFile; fileRef = 0A0000010000000000000015 /* Signaller/Shared/JourneyActivityAttributes.swift */; };
		0A0000010000000000000006 /* Signaller/LiveActivity/SignallerLiveActivityBundle.swift in Sources */ = {isa = PBXBuildFile; fileRef = 0A0000010000000000000016 /* Signaller/LiveActivity/SignallerLiveActivityBundle.swift */; };
		0A0000010000000000000007 /* Signaller/Shared/JourneyActivityAttributes.swift in Sources */ = {isa = PBXBuildFile; fileRef = 0A0000010000000000000015 /* Signaller/Shared/JourneyActivityAttributes.swift */; };
		0A0000010000000000000008 /* SignallerLiveActivity.appex in Embed App Extensions */ = {isa = PBXBuildFile; fileRef = 0A0000010000000000000022 /* SignallerLiveActivity.appex */; settings = {ATTRIBUTES = (RemoveHeadersOnCopy, ); }; };
		0A0000010000000000000151 /* Signaller/Models/ISO8601.swift in Sources */ = {isa = PBXBuildFile; fileRef = 0A0000010000000000000101 /* Signaller/Models/ISO8601.swift */; };
		0A0000010000000000000152 /* Signaller/Models/Journey.swift in Sources */ = {isa = PBXBuildFile; fileRef = 0A0000010000000000000102 /* Signaller/Models/Journey.swift */; };
		0A0000010000000000000153 /* Signaller/Models/Board.swift in Sources */ = {isa = PBXBuildFile; fileRef = 0A0000010000000000000103 /* Signaller/Models/Board.swift */; };
		0A0000010000000000000154 /* Signaller/Models/Station.swift in Sources */ = {isa = PBXBuildFile; fileRef = 0A0000010000000000000104 /* Signaller/Models/Station.swift */; };
		0A0000010000000000000155 /* Signaller/Models/ServiceDetail.swift in Sources */ = {isa = PBXBuildFile; fileRef = 0A0000010000000000000105 /* Signaller/Models/ServiceDetail.swift */; };
		0A0000010000000000000156 /* Signaller/Models/Health.swift in Sources */ = {isa = PBXBuildFile; fileRef = 0A0000010000000000000106 /* Signaller/Models/Health.swift */; };
		0A0000010000000000000157 /* Signaller/Networking/APIError.swift in Sources */ = {isa = PBXBuildFile; fileRef = 0A0000010000000000000107 /* Signaller/Networking/APIError.swift */; };
		0A0000010000000000000158 /* Signaller/Networking/APIClient.swift in Sources */ = {isa = PBXBuildFile; fileRef = 0A0000010000000000000108 /* Signaller/Networking/APIClient.swift */; };
		0A0000010000000000000159 /* Signaller/Networking/AuthStore.swift in Sources */ = {isa = PBXBuildFile; fileRef = 0A0000010000000000000109 /* Signaller/Networking/AuthStore.swift */; };
		0A0000010000000000000160 /* Signaller/App/AppEnvironment.swift in Sources */ = {isa = PBXBuildFile; fileRef = 0A0000010000000000000110 /* Signaller/App/AppEnvironment.swift */; };
		0A0000010000000000000161 /* Signaller/App/RootView.swift in Sources */ = {isa = PBXBuildFile; fileRef = 0A0000010000000000000111 /* Signaller/App/RootView.swift */; };
		0A0000010000000000000192 /* Signaller/DesignSystem/SignalMark.swift in Sources */ = {isa = PBXBuildFile; fileRef = 0A0000010000000000000191 /* Signaller/DesignSystem/SignalMark.swift */; };
		0A0000010000000000000194 /* Signaller/Assets.xcassets in Resources */ = {isa = PBXBuildFile; fileRef = 0A0000010000000000000193 /* Signaller/Assets.xcassets */; };
		0A000001000000000000019F /* Signaller/DesignSystem/AccessibleLabels.swift in Sources */ = {isa = PBXBuildFile; fileRef = 0A000001000000000000019E /* Signaller/DesignSystem/AccessibleLabels.swift */; };
		0A00000100000000000001A5 /* Signaller/Networking/ResponseCache.swift in Sources */ = {isa = PBXBuildFile; fileRef = 0A00000100000000000001A4 /* Signaller/Networking/ResponseCache.swift */; };
		0A00000100000000000001A7 /* Signaller/Features/Stations/StationIndex.swift in Sources */ = {isa = PBXBuildFile; fileRef = 0A00000100000000000001A6 /* Signaller/Features/Stations/StationIndex.swift */; };
		0A00000100000000000001B1 /* Signaller/Models/Settings.swift in Sources */ = {isa = PBXBuildFile; fileRef = 0A00000100000000000001B0 /* Signaller/Models/Settings.swift */; };
		0A00000100000000000001B3 /* Signaller/Models/Fare.swift in Sources */ = {isa = PBXBuildFile; fileRef = 0A00000100000000000001B2 /* Signaller/Models/Fare.swift */; };
		0A00000100000000000001B5 /* Signaller/Features/Account/SettingsView.swift in Sources */ = {isa = PBXBuildFile; fileRef = 0A00000100000000000001B4 /* Signaller/Features/Account/SettingsView.swift */; };
		0A00000100000000000001B7 /* Signaller/Models/CommuteOverride.swift in Sources */ = {isa = PBXBuildFile; fileRef = 0A00000100000000000001B6 /* Signaller/Models/CommuteOverride.swift */; };
		0A00000100000000000001B9 /* Signaller/Features/Commute/CommuteCalendarView.swift in Sources */ = {isa = PBXBuildFile; fileRef = 0A00000100000000000001B8 /* Signaller/Features/Commute/CommuteCalendarView.swift */; };
		0A00000100000000000001BB /* Signaller/Features/Commute/HolidaysView.swift in Sources */ = {isa = PBXBuildFile; fileRef = 0A00000100000000000001BA /* Signaller/Features/Commute/HolidaysView.swift */; };
		0A00000100000000000001BF /* Signaller/Models/NetworkStatus.swift in Sources */ = {isa = PBXBuildFile; fileRef = 0A00000100000000000001BE /* Signaller/Models/NetworkStatus.swift */; };
		0A0000010000000000000162 /* Signaller/DesignSystem/Palette.swift in Sources */ = {isa = PBXBuildFile; fileRef = 0A0000010000000000000112 /* Signaller/DesignSystem/Palette.swift */; };
		0A0000010000000000000163 /* Signaller/DesignSystem/Components.swift in Sources */ = {isa = PBXBuildFile; fileRef = 0A0000010000000000000113 /* Signaller/DesignSystem/Components.swift */; };
		0A0000010000000000000164 /* Signaller/DesignSystem/StatusFormatting.swift in Sources */ = {isa = PBXBuildFile; fileRef = 0A0000010000000000000114 /* Signaller/DesignSystem/StatusFormatting.swift */; };
		0A0000010000000000000165 /* Signaller/Features/Stations/StationSearchField.swift in Sources */ = {isa = PBXBuildFile; fileRef = 0A0000010000000000000115 /* Signaller/Features/Stations/StationSearchField.swift */; };
		0A0000010000000000000166 /* Signaller/Features/Plan/PlanModel.swift in Sources */ = {isa = PBXBuildFile; fileRef = 0A0000010000000000000116 /* Signaller/Features/Plan/PlanModel.swift */; };
		0A0000010000000000000167 /* Signaller/Features/Plan/PlanView.swift in Sources */ = {isa = PBXBuildFile; fileRef = 0A0000010000000000000117 /* Signaller/Features/Plan/PlanView.swift */; };
		0A0000010000000000000168 /* Signaller/Features/Plan/JourneyRow.swift in Sources */ = {isa = PBXBuildFile; fileRef = 0A0000010000000000000118 /* Signaller/Features/Plan/JourneyRow.swift */; };
		0A0000010000000000000169 /* Signaller/Features/Plan/JourneyDetailView.swift in Sources */ = {isa = PBXBuildFile; fileRef = 0A0000010000000000000119 /* Signaller/Features/Plan/JourneyDetailView.swift */; };
		0A000001000000000000016A /* Signaller/Features/Boards/BoardsView.swift in Sources */ = {isa = PBXBuildFile; fileRef = 0A000001000000000000011A /* Signaller/Features/Boards/BoardsView.swift */; };
		0A000001000000000000016B /* Signaller/Features/Boards/DepartureLine.swift in Sources */ = {isa = PBXBuildFile; fileRef = 0A000001000000000000011B /* Signaller/Features/Boards/DepartureLine.swift */; };
		0A000001000000000000040A /* Signaller/Features/Boards/NextDepartureHero.swift in Sources */ = {isa = PBXBuildFile; fileRef = 0A0000010000000000000409 /* Signaller/Features/Boards/NextDepartureHero.swift */; };
		0A000001000000000000016C /* Signaller/Features/Service/ServiceDetailView.swift in Sources */ = {isa = PBXBuildFile; fileRef = 0A000001000000000000011C /* Signaller/Features/Service/ServiceDetailView.swift */; };
		0A000001000000000000016D /* Signaller/Features/Status/StatusView.swift in Sources */ = {isa = PBXBuildFile; fileRef = 0A000001000000000000011D /* Signaller/Features/Status/StatusView.swift */; };
		0A000001000000000000016E /* Signaller/App/DeepLink.swift in Sources */ = {isa = PBXBuildFile; fileRef = 0A000001000000000000011E /* Signaller/App/DeepLink.swift */; };
		0A000001000000000000016F /* Signaller/Networking/AuthClient.swift in Sources */ = {isa = PBXBuildFile; fileRef = 0A000001000000000000011F /* Signaller/Networking/AuthClient.swift */; };
		0A0000010000000000000170 /* Signaller/Features/Account/SignInView.swift in Sources */ = {isa = PBXBuildFile; fileRef = 0A0000010000000000000120 /* Signaller/Features/Account/SignInView.swift */; };
		0A0000010000000000000171 /* Signaller/Features/Account/AccountView.swift in Sources */ = {isa = PBXBuildFile; fileRef = 0A0000010000000000000121 /* Signaller/Features/Account/AccountView.swift */; };
		0A0000010000000000000172 /* Signaller/Networking/SSEClient.swift in Sources */ = {isa = PBXBuildFile; fileRef = 0A0000010000000000000122 /* Signaller/Networking/SSEClient.swift */; };
		0A0000010000000000000173 /* Signaller/Networking/LiveChannel.swift in Sources */ = {isa = PBXBuildFile; fileRef = 0A0000010000000000000123 /* Signaller/Networking/LiveChannel.swift */; };
		0A0000010000000000000174 /* Signaller/Models/LivePosition.swift in Sources */ = {isa = PBXBuildFile; fileRef = 0A0000010000000000000124 /* Signaller/Models/LivePosition.swift */; };
		0A0000010000000000000175 /* Signaller/App/AppDelegate.swift in Sources */ = {isa = PBXBuildFile; fileRef = 0A0000010000000000000125 /* Signaller/App/AppDelegate.swift */; };
		0A0000010000000000000176 /* Signaller/Networking/PushRegistrar.swift in Sources */ = {isa = PBXBuildFile; fileRef = 0A0000010000000000000126 /* Signaller/Networking/PushRegistrar.swift */; };
		0A0000010000000000000177 /* Signaller/Models/Commute.swift in Sources */ = {isa = PBXBuildFile; fileRef = 0A0000010000000000000127 /* Signaller/Models/Commute.swift */; };
		0A0000010000000000000178 /* Signaller/Models/Alert.swift in Sources */ = {isa = PBXBuildFile; fileRef = 0A0000010000000000000128 /* Signaller/Models/Alert.swift */; };
		0A0000010000000000000179 /* Signaller/Features/Commute/CommuteModel.swift in Sources */ = {isa = PBXBuildFile; fileRef = 0A0000010000000000000129 /* Signaller/Features/Commute/CommuteModel.swift */; };
		0A000001000000000000017A /* Signaller/Features/Commute/CommuteView.swift in Sources */ = {isa = PBXBuildFile; fileRef = 0A000001000000000000012A /* Signaller/Features/Commute/CommuteView.swift */; };
		0A000001000000000000017B /* Signaller/Features/Alerts/AlertsView.swift in Sources */ = {isa = PBXBuildFile; fileRef = 0A000001000000000000012B /* Signaller/Features/Alerts/AlertsView.swift */; };
		0A000001000000000000017C /* Signaller/Features/Plan/FavouritesModel.swift in Sources */ = {isa = PBXBuildFile; fileRef = 0A000001000000000000012C /* Signaller/Features/Plan/FavouritesModel.swift */; };
		0A000001000000000000017D /* Signaller/Models/LiveTrain.swift in Sources */ = {isa = PBXBuildFile; fileRef = 0A000001000000000000012D /* Signaller/Models/LiveTrain.swift */; };
		0A000001000000000000017E /* Signaller/Features/Map/MapModel.swift in Sources */ = {isa = PBXBuildFile; fileRef = 0A000001000000000000012E /* Signaller/Features/Map/MapModel.swift */; };
		0A000001000000000000017F /* Signaller/Features/Map/LiveMapView.swift in Sources */ = {isa = PBXBuildFile; fileRef = 0A000001000000000000012F /* Signaller/Features/Map/LiveMapView.swift */; };
		0A0000010000000000000197 /* SignallerTests/PaletteTests.swift in Sources */ = {isa = PBXBuildFile; fileRef = 0A0000010000000000000196 /* SignallerTests/PaletteTests.swift */; };
		0A0000010000000000000199 /* SignallerTests/StubURLProtocol.swift in Sources */ = {isa = PBXBuildFile; fileRef = 0A0000010000000000000198 /* SignallerTests/StubURLProtocol.swift */; };
		0A000001000000000000019B /* SignallerTests/APIClientTests.swift in Sources */ = {isa = PBXBuildFile; fileRef = 0A000001000000000000019A /* SignallerTests/APIClientTests.swift */; };
		0A000001000000000000019D /* SignallerTests/ViewModelTests.swift in Sources */ = {isa = PBXBuildFile; fileRef = 0A000001000000000000019C /* SignallerTests/ViewModelTests.swift */; };
		0A00000100000000000001A1 /* SignallerTests/AccessibleLabelsTests.swift in Sources */ = {isa = PBXBuildFile; fileRef = 0A00000100000000000001A0 /* SignallerTests/AccessibleLabelsTests.swift */; };
		0A00000100000000000001A3 /* SignallerTests/CodableRoundTripTests.swift in Sources */ = {isa = PBXBuildFile; fileRef = 0A00000100000000000001A2 /* SignallerTests/CodableRoundTripTests.swift */; };
		0A00000100000000000001AB /* SignallerTests/StationIndexTests.swift in Sources */ = {isa = PBXBuildFile; fileRef = 0A00000100000000000001AA /* SignallerTests/StationIndexTests.swift */; };
		0A00000100000000000001AD /* SignallerTests/ResponseCacheTests.swift in Sources */ = {isa = PBXBuildFile; fileRef = 0A00000100000000000001AC /* SignallerTests/ResponseCacheTests.swift */; };
		0A00000100000000000001BD /* SignallerTests/CommuteOverrideTests.swift in Sources */ = {isa = PBXBuildFile; fileRef = 0A00000100000000000001BC /* SignallerTests/CommuteOverrideTests.swift */; };
		0A0000010000000000000180 /* SignallerTests/ISO8601Tests.swift in Sources */ = {isa = PBXBuildFile; fileRef = 0A0000010000000000000130 /* SignallerTests/ISO8601Tests.swift */; };
		0A0000010000000000000181 /* SignallerTests/SSEClientTests.swift in Sources */ = {isa = PBXBuildFile; fileRef = 0A0000010000000000000131 /* SignallerTests/SSEClientTests.swift */; };
		0A0000010000000000000182 /* SignallerTests/StatusFormattingTests.swift in Sources */ = {isa = PBXBuildFile; fileRef = 0A0000010000000000000132 /* SignallerTests/StatusFormattingTests.swift */; };
		0A0000010000000000000183 /* SignallerTests/ModelDecodingTests.swift in Sources */ = {isa = PBXBuildFile; fileRef = 0A0000010000000000000133 /* SignallerTests/ModelDecodingTests.swift */; };
		0A0000010000000000000184 /* SignallerTests/MapModelTests.swift in Sources */ = {isa = PBXBuildFile; fileRef = 0A0000010000000000000134 /* SignallerTests/MapModelTests.swift */; };
		0A0000010000000000000185 /* Fixtures in Resources */ = {isa = PBXBuildFile; fileRef = 0A0000010000000000000135 /* Fixtures */; };
		0A0000010000000000000186 /* SignallerTests/Fixtures.swift in Sources */ = {isa = PBXBuildFile; fileRef = 0A0000010000000000000136 /* SignallerTests/Fixtures.swift */; };
/* End PBXBuildFile section */

/* Begin PBXContainerItemProxy section */
		0A0000010000000000000031 /* PBXContainerItemProxy */ = {
			isa = PBXContainerItemProxy;
			containerPortal = 0A0000010000000000000100 /* Project object */;
			proxyType = 1;
			remoteGlobalIDString = 0A0000010000000000000202;
			remoteInfo = SignallerLiveActivity;
		};
		0A0000010000000000000034 /* PBXContainerItemProxy */ = {
			isa = PBXContainerItemProxy;
			containerPortal = 0A0000010000000000000100 /* Project object */;
			proxyType = 1;
			remoteGlobalIDString = 0A0000010000000000000201;
			remoteInfo = Signaller;
		};
/* End PBXContainerItemProxy section */

/* Begin PBXCopyFilesBuildPhase section */
		0A0000010000000000000041 /* Embed App Extensions */ = {
			isa = PBXCopyFilesBuildPhase;
			buildActionMask = 2147483647;
			dstPath = "";
			dstSubfolderSpec = 13;
			files = (
				0A0000010000000000000008 /* SignallerLiveActivity.appex in Embed App Extensions */,
			);
			name = "Embed App Extensions";
			runOnlyForDeploymentPostprocessing = 0;
		};
/* End PBXCopyFilesBuildPhase section */

/* Begin PBXFileReference section */
		0A0000010000000000000011 /* Signaller/App/SignallerApp.swift */ = {isa = PBXFileReference; lastKnownFileType = sourcecode.swift; path = Signaller/App/SignallerApp.swift; sourceTree = "<group>"; };
		0A0000010000000000000014 /* Signaller/App/LiveActivityController.swift */ = {isa = PBXFileReference; lastKnownFileType = sourcecode.swift; path = Signaller/App/LiveActivityController.swift; sourceTree = "<group>"; };
		0A0000010000000000000015 /* Signaller/Shared/JourneyActivityAttributes.swift */ = {isa = PBXFileReference; lastKnownFileType = sourcecode.swift; path = Signaller/Shared/JourneyActivityAttributes.swift; sourceTree = "<group>"; };
		0A0000010000000000000016 /* Signaller/LiveActivity/SignallerLiveActivityBundle.swift */ = {isa = PBXFileReference; lastKnownFileType = sourcecode.swift; path = Signaller/LiveActivity/SignallerLiveActivityBundle.swift; sourceTree = "<group>"; };
		0A0000010000000000000017 /* Signaller/App/Info.plist */ = {isa = PBXFileReference; lastKnownFileType = text.plist.xml; path = Signaller/App/Info.plist; sourceTree = "<group>"; };
		0A0000010000000000000018 /* Signaller/LiveActivity/Info.plist */ = {isa = PBXFileReference; lastKnownFileType = text.plist.xml; path = Signaller/LiveActivity/Info.plist; sourceTree = "<group>"; };
		0A0000010000000000000019 /* Signaller.xcconfig */ = {isa = PBXFileReference; lastKnownFileType = text.xcconfig; path = Signaller.xcconfig; sourceTree = "<group>"; };
		0A000001000000000000001A /* Signaller/App/Signaller.entitlements */ = {isa = PBXFileReference; lastKnownFileType = text.plist.entitlements; path = Signaller/App/Signaller.entitlements; sourceTree = "<group>"; };
		0A0000010000000000000021 /* Signaller.app */ = {isa = PBXFileReference; explicitFileType = wrapper.application; includeInIndex = 0; path = Signaller.app; sourceTree = BUILT_PRODUCTS_DIR; };
		0A0000010000000000000022 /* SignallerLiveActivity.appex */ = {isa = PBXFileReference; explicitFileType = "wrapper.app-extension"; includeInIndex = 0; path = SignallerLiveActivity.appex; sourceTree = BUILT_PRODUCTS_DIR; };
		0A0000010000000000000101 /* Signaller/Models/ISO8601.swift */ = {isa = PBXFileReference; lastKnownFileType = sourcecode.swift; path = Signaller/Models/ISO8601.swift; sourceTree = "<group>"; };
		0A0000010000000000000102 /* Signaller/Models/Journey.swift */ = {isa = PBXFileReference; lastKnownFileType = sourcecode.swift; path = Signaller/Models/Journey.swift; sourceTree = "<group>"; };
		0A0000010000000000000103 /* Signaller/Models/Board.swift */ = {isa = PBXFileReference; lastKnownFileType = sourcecode.swift; path = Signaller/Models/Board.swift; sourceTree = "<group>"; };
		0A0000010000000000000104 /* Signaller/Models/Station.swift */ = {isa = PBXFileReference; lastKnownFileType = sourcecode.swift; path = Signaller/Models/Station.swift; sourceTree = "<group>"; };
		0A0000010000000000000105 /* Signaller/Models/ServiceDetail.swift */ = {isa = PBXFileReference; lastKnownFileType = sourcecode.swift; path = Signaller/Models/ServiceDetail.swift; sourceTree = "<group>"; };
		0A0000010000000000000106 /* Signaller/Models/Health.swift */ = {isa = PBXFileReference; lastKnownFileType = sourcecode.swift; path = Signaller/Models/Health.swift; sourceTree = "<group>"; };
		0A0000010000000000000107 /* Signaller/Networking/APIError.swift */ = {isa = PBXFileReference; lastKnownFileType = sourcecode.swift; path = Signaller/Networking/APIError.swift; sourceTree = "<group>"; };
		0A0000010000000000000108 /* Signaller/Networking/APIClient.swift */ = {isa = PBXFileReference; lastKnownFileType = sourcecode.swift; path = Signaller/Networking/APIClient.swift; sourceTree = "<group>"; };
		0A0000010000000000000109 /* Signaller/Networking/AuthStore.swift */ = {isa = PBXFileReference; lastKnownFileType = sourcecode.swift; path = Signaller/Networking/AuthStore.swift; sourceTree = "<group>"; };
		0A0000010000000000000110 /* Signaller/App/AppEnvironment.swift */ = {isa = PBXFileReference; lastKnownFileType = sourcecode.swift; path = Signaller/App/AppEnvironment.swift; sourceTree = "<group>"; };
		0A0000010000000000000111 /* Signaller/App/RootView.swift */ = {isa = PBXFileReference; lastKnownFileType = sourcecode.swift; path = Signaller/App/RootView.swift; sourceTree = "<group>"; };
		0A0000010000000000000191 /* Signaller/DesignSystem/SignalMark.swift */ = {isa = PBXFileReference; lastKnownFileType = sourcecode.swift; path = Signaller/DesignSystem/SignalMark.swift; sourceTree = "<group>"; };
		0A0000010000000000000193 /* Signaller/Assets.xcassets */ = {isa = PBXFileReference; lastKnownFileType = folder.assetcatalog; path = Signaller/Assets.xcassets; sourceTree = "<group>"; };
		0A000001000000000000019E /* Signaller/DesignSystem/AccessibleLabels.swift */ = {isa = PBXFileReference; lastKnownFileType = sourcecode.swift; path = Signaller/DesignSystem/AccessibleLabels.swift; sourceTree = "<group>"; };
		0A00000100000000000001A4 /* Signaller/Networking/ResponseCache.swift */ = {isa = PBXFileReference; lastKnownFileType = sourcecode.swift; path = Signaller/Networking/ResponseCache.swift; sourceTree = "<group>"; };
		0A00000100000000000001A6 /* Signaller/Features/Stations/StationIndex.swift */ = {isa = PBXFileReference; lastKnownFileType = sourcecode.swift; path = Signaller/Features/Stations/StationIndex.swift; sourceTree = "<group>"; };
		0A00000100000000000001A8 /* Signaller/Resources/stations.json */ = {isa = PBXFileReference; lastKnownFileType = text.json; path = Signaller/Resources/stations.json; sourceTree = "<group>"; };
		0A00000100000000000001B0 /* Signaller/Models/Settings.swift */ = {isa = PBXFileReference; lastKnownFileType = sourcecode.swift; path = Signaller/Models/Settings.swift; sourceTree = "<group>"; };
		0A00000100000000000001B2 /* Signaller/Models/Fare.swift */ = {isa = PBXFileReference; lastKnownFileType = sourcecode.swift; path = Signaller/Models/Fare.swift; sourceTree = "<group>"; };
		0A00000100000000000001B4 /* Signaller/Features/Account/SettingsView.swift */ = {isa = PBXFileReference; lastKnownFileType = sourcecode.swift; path = Signaller/Features/Account/SettingsView.swift; sourceTree = "<group>"; };
		0A00000100000000000001B6 /* Signaller/Models/CommuteOverride.swift */ = {isa = PBXFileReference; lastKnownFileType = sourcecode.swift; path = Signaller/Models/CommuteOverride.swift; sourceTree = "<group>"; };
		0A00000100000000000001B8 /* Signaller/Features/Commute/CommuteCalendarView.swift */ = {isa = PBXFileReference; lastKnownFileType = sourcecode.swift; path = Signaller/Features/Commute/CommuteCalendarView.swift; sourceTree = "<group>"; };
		0A00000100000000000001BA /* Signaller/Features/Commute/HolidaysView.swift */ = {isa = PBXFileReference; lastKnownFileType = sourcecode.swift; path = Signaller/Features/Commute/HolidaysView.swift; sourceTree = "<group>"; };
		0A00000100000000000001BE /* Signaller/Models/NetworkStatus.swift */ = {isa = PBXFileReference; lastKnownFileType = sourcecode.swift; path = Signaller/Models/NetworkStatus.swift; sourceTree = "<group>"; };
		0A0000010000000000000112 /* Signaller/DesignSystem/Palette.swift */ = {isa = PBXFileReference; lastKnownFileType = sourcecode.swift; path = Signaller/DesignSystem/Palette.swift; sourceTree = "<group>"; };
		0A0000010000000000000113 /* Signaller/DesignSystem/Components.swift */ = {isa = PBXFileReference; lastKnownFileType = sourcecode.swift; path = Signaller/DesignSystem/Components.swift; sourceTree = "<group>"; };
		0A0000010000000000000114 /* Signaller/DesignSystem/StatusFormatting.swift */ = {isa = PBXFileReference; lastKnownFileType = sourcecode.swift; path = Signaller/DesignSystem/StatusFormatting.swift; sourceTree = "<group>"; };
		0A0000010000000000000115 /* Signaller/Features/Stations/StationSearchField.swift */ = {isa = PBXFileReference; lastKnownFileType = sourcecode.swift; path = Signaller/Features/Stations/StationSearchField.swift; sourceTree = "<group>"; };
		0A0000010000000000000116 /* Signaller/Features/Plan/PlanModel.swift */ = {isa = PBXFileReference; lastKnownFileType = sourcecode.swift; path = Signaller/Features/Plan/PlanModel.swift; sourceTree = "<group>"; };
		0A0000010000000000000117 /* Signaller/Features/Plan/PlanView.swift */ = {isa = PBXFileReference; lastKnownFileType = sourcecode.swift; path = Signaller/Features/Plan/PlanView.swift; sourceTree = "<group>"; };
		0A0000010000000000000118 /* Signaller/Features/Plan/JourneyRow.swift */ = {isa = PBXFileReference; lastKnownFileType = sourcecode.swift; path = Signaller/Features/Plan/JourneyRow.swift; sourceTree = "<group>"; };
		0A0000010000000000000119 /* Signaller/Features/Plan/JourneyDetailView.swift */ = {isa = PBXFileReference; lastKnownFileType = sourcecode.swift; path = Signaller/Features/Plan/JourneyDetailView.swift; sourceTree = "<group>"; };
		0A000001000000000000011A /* Signaller/Features/Boards/BoardsView.swift */ = {isa = PBXFileReference; lastKnownFileType = sourcecode.swift; path = Signaller/Features/Boards/BoardsView.swift; sourceTree = "<group>"; };
		0A000001000000000000011B /* Signaller/Features/Boards/DepartureLine.swift */ = {isa = PBXFileReference; lastKnownFileType = sourcecode.swift; path = Signaller/Features/Boards/DepartureLine.swift; sourceTree = "<group>"; };
		0A0000010000000000000409 /* Signaller/Features/Boards/NextDepartureHero.swift */ = {isa = PBXFileReference; lastKnownFileType = sourcecode.swift; path = Signaller/Features/Boards/NextDepartureHero.swift; sourceTree = "<group>"; };
		0A000001000000000000011C /* Signaller/Features/Service/ServiceDetailView.swift */ = {isa = PBXFileReference; lastKnownFileType = sourcecode.swift; path = Signaller/Features/Service/ServiceDetailView.swift; sourceTree = "<group>"; };
		0A000001000000000000011D /* Signaller/Features/Status/StatusView.swift */ = {isa = PBXFileReference; lastKnownFileType = sourcecode.swift; path = Signaller/Features/Status/StatusView.swift; sourceTree = "<group>"; };
		0A000001000000000000011E /* Signaller/App/DeepLink.swift */ = {isa = PBXFileReference; lastKnownFileType = sourcecode.swift; path = Signaller/App/DeepLink.swift; sourceTree = "<group>"; };
		0A000001000000000000011F /* Signaller/Networking/AuthClient.swift */ = {isa = PBXFileReference; lastKnownFileType = sourcecode.swift; path = Signaller/Networking/AuthClient.swift; sourceTree = "<group>"; };
		0A0000010000000000000120 /* Signaller/Features/Account/SignInView.swift */ = {isa = PBXFileReference; lastKnownFileType = sourcecode.swift; path = Signaller/Features/Account/SignInView.swift; sourceTree = "<group>"; };
		0A0000010000000000000121 /* Signaller/Features/Account/AccountView.swift */ = {isa = PBXFileReference; lastKnownFileType = sourcecode.swift; path = Signaller/Features/Account/AccountView.swift; sourceTree = "<group>"; };
		0A0000010000000000000122 /* Signaller/Networking/SSEClient.swift */ = {isa = PBXFileReference; lastKnownFileType = sourcecode.swift; path = Signaller/Networking/SSEClient.swift; sourceTree = "<group>"; };
		0A0000010000000000000123 /* Signaller/Networking/LiveChannel.swift */ = {isa = PBXFileReference; lastKnownFileType = sourcecode.swift; path = Signaller/Networking/LiveChannel.swift; sourceTree = "<group>"; };
		0A0000010000000000000124 /* Signaller/Models/LivePosition.swift */ = {isa = PBXFileReference; lastKnownFileType = sourcecode.swift; path = Signaller/Models/LivePosition.swift; sourceTree = "<group>"; };
		0A0000010000000000000125 /* Signaller/App/AppDelegate.swift */ = {isa = PBXFileReference; lastKnownFileType = sourcecode.swift; path = Signaller/App/AppDelegate.swift; sourceTree = "<group>"; };
		0A0000010000000000000126 /* Signaller/Networking/PushRegistrar.swift */ = {isa = PBXFileReference; lastKnownFileType = sourcecode.swift; path = Signaller/Networking/PushRegistrar.swift; sourceTree = "<group>"; };
		0A0000010000000000000127 /* Signaller/Models/Commute.swift */ = {isa = PBXFileReference; lastKnownFileType = sourcecode.swift; path = Signaller/Models/Commute.swift; sourceTree = "<group>"; };
		0A0000010000000000000128 /* Signaller/Models/Alert.swift */ = {isa = PBXFileReference; lastKnownFileType = sourcecode.swift; path = Signaller/Models/Alert.swift; sourceTree = "<group>"; };
		0A0000010000000000000129 /* Signaller/Features/Commute/CommuteModel.swift */ = {isa = PBXFileReference; lastKnownFileType = sourcecode.swift; path = Signaller/Features/Commute/CommuteModel.swift; sourceTree = "<group>"; };
		0A000001000000000000012A /* Signaller/Features/Commute/CommuteView.swift */ = {isa = PBXFileReference; lastKnownFileType = sourcecode.swift; path = Signaller/Features/Commute/CommuteView.swift; sourceTree = "<group>"; };
		0A000001000000000000012B /* Signaller/Features/Alerts/AlertsView.swift */ = {isa = PBXFileReference; lastKnownFileType = sourcecode.swift; path = Signaller/Features/Alerts/AlertsView.swift; sourceTree = "<group>"; };
		0A000001000000000000012C /* Signaller/Features/Plan/FavouritesModel.swift */ = {isa = PBXFileReference; lastKnownFileType = sourcecode.swift; path = Signaller/Features/Plan/FavouritesModel.swift; sourceTree = "<group>"; };
		0A000001000000000000012D /* Signaller/Models/LiveTrain.swift */ = {isa = PBXFileReference; lastKnownFileType = sourcecode.swift; path = Signaller/Models/LiveTrain.swift; sourceTree = "<group>"; };
		0A000001000000000000012E /* Signaller/Features/Map/MapModel.swift */ = {isa = PBXFileReference; lastKnownFileType = sourcecode.swift; path = Signaller/Features/Map/MapModel.swift; sourceTree = "<group>"; };
		0A000001000000000000012F /* Signaller/Features/Map/LiveMapView.swift */ = {isa = PBXFileReference; lastKnownFileType = sourcecode.swift; path = Signaller/Features/Map/LiveMapView.swift; sourceTree = "<group>"; };
		0A0000010000000000000196 /* SignallerTests/PaletteTests.swift */ = {isa = PBXFileReference; lastKnownFileType = sourcecode.swift; path = SignallerTests/PaletteTests.swift; sourceTree = "<group>"; };
		0A0000010000000000000198 /* SignallerTests/StubURLProtocol.swift */ = {isa = PBXFileReference; lastKnownFileType = sourcecode.swift; path = SignallerTests/StubURLProtocol.swift; sourceTree = "<group>"; };
		0A000001000000000000019A /* SignallerTests/APIClientTests.swift */ = {isa = PBXFileReference; lastKnownFileType = sourcecode.swift; path = SignallerTests/APIClientTests.swift; sourceTree = "<group>"; };
		0A000001000000000000019C /* SignallerTests/ViewModelTests.swift */ = {isa = PBXFileReference; lastKnownFileType = sourcecode.swift; path = SignallerTests/ViewModelTests.swift; sourceTree = "<group>"; };
		0A00000100000000000001A0 /* SignallerTests/AccessibleLabelsTests.swift */ = {isa = PBXFileReference; lastKnownFileType = sourcecode.swift; path = SignallerTests/AccessibleLabelsTests.swift; sourceTree = "<group>"; };
		0A00000100000000000001A2 /* SignallerTests/CodableRoundTripTests.swift */ = {isa = PBXFileReference; lastKnownFileType = sourcecode.swift; path = SignallerTests/CodableRoundTripTests.swift; sourceTree = "<group>"; };
		0A00000100000000000001AA /* SignallerTests/StationIndexTests.swift */ = {isa = PBXFileReference; lastKnownFileType = sourcecode.swift; path = SignallerTests/StationIndexTests.swift; sourceTree = "<group>"; };
		0A00000100000000000001AC /* SignallerTests/ResponseCacheTests.swift */ = {isa = PBXFileReference; lastKnownFileType = sourcecode.swift; path = SignallerTests/ResponseCacheTests.swift; sourceTree = "<group>"; };
		0A00000100000000000001BC /* SignallerTests/CommuteOverrideTests.swift */ = {isa = PBXFileReference; lastKnownFileType = sourcecode.swift; path = SignallerTests/CommuteOverrideTests.swift; sourceTree = "<group>"; };
		0A0000010000000000000130 /* SignallerTests/ISO8601Tests.swift */ = {isa = PBXFileReference; lastKnownFileType = sourcecode.swift; path = SignallerTests/ISO8601Tests.swift; sourceTree = "<group>"; };
		0A0000010000000000000131 /* SignallerTests/SSEClientTests.swift */ = {isa = PBXFileReference; lastKnownFileType = sourcecode.swift; path = SignallerTests/SSEClientTests.swift; sourceTree = "<group>"; };
		0A0000010000000000000132 /* SignallerTests/StatusFormattingTests.swift */ = {isa = PBXFileReference; lastKnownFileType = sourcecode.swift; path = SignallerTests/StatusFormattingTests.swift; sourceTree = "<group>"; };
		0A0000010000000000000133 /* SignallerTests/ModelDecodingTests.swift */ = {isa = PBXFileReference; lastKnownFileType = sourcecode.swift; path = SignallerTests/ModelDecodingTests.swift; sourceTree = "<group>"; };
		0A0000010000000000000134 /* SignallerTests/MapModelTests.swift */ = {isa = PBXFileReference; lastKnownFileType = sourcecode.swift; path = SignallerTests/MapModelTests.swift; sourceTree = "<group>"; };
		0A0000010000000000000135 /* Fixtures */ = {isa = PBXFileReference; lastKnownFileType = folder; path = SignallerTests/Fixtures; sourceTree = "<group>"; };
		0A0000010000000000000023 /* SignallerTests.xctest */ = {isa = PBXFileReference; explicitFileType = "wrapper.cfbundle"; includeInIndex = 0; path = SignallerTests.xctest; sourceTree = BUILT_PRODUCTS_DIR; };
		0A0000010000000000000136 /* SignallerTests/Fixtures.swift */ = {isa = PBXFileReference; lastKnownFileType = sourcecode.swift; path = SignallerTests/Fixtures.swift; sourceTree = "<group>"; };
/* End PBXFileReference section */

/* Begin PBXFrameworksBuildPhase section */
		0A0000010000000000000051 /* Frameworks */ = {
			isa = PBXFrameworksBuildPhase;
			buildActionMask = 2147483647;
			files = (
			);
			runOnlyForDeploymentPostprocessing = 0;
		};
		0A0000010000000000000052 /* Frameworks */ = {
			isa = PBXFrameworksBuildPhase;
			buildActionMask = 2147483647;
			files = (
			);
			runOnlyForDeploymentPostprocessing = 0;
		};
		0A0000010000000000000053 /* Frameworks */ = {
			isa = PBXFrameworksBuildPhase;
			buildActionMask = 2147483647;
			files = (
			);
			runOnlyForDeploymentPostprocessing = 0;
		};
/* End PBXFrameworksBuildPhase section */

/* Begin PBXGroup section */
		0A0000010000000000000061 = {
			isa = PBXGroup;
			children = (
				0A0000010000000000000062 /* App */,
				0A0000010000000000000068 /* DesignSystem */,
				0A0000010000000000000069 /* Features */,
				0A0000010000000000000066 /* Models */,
				0A0000010000000000000067 /* Networking */,
				0A0000010000000000000063 /* Shared */,
				0A0000010000000000000064 /* LiveActivity */,
				0A0000010000000000000019 /* Signaller.xcconfig */,
				0A000001000000000000006A /* SignallerTests */,
				0A0000010000000000000065 /* Products */,
			);
			sourceTree = "<group>";
		};
		0A0000010000000000000062 /* App */ = {
			isa = PBXGroup;
			children = (
				0A0000010000000000000011 /* Signaller/App/SignallerApp.swift */,
				0A0000010000000000000014 /* Signaller/App/LiveActivityController.swift */,
				0A0000010000000000000110 /* Signaller/App/AppEnvironment.swift */,
				0A0000010000000000000111 /* Signaller/App/RootView.swift */,
				0A000001000000000000011E /* Signaller/App/DeepLink.swift */,
				0A0000010000000000000125 /* Signaller/App/AppDelegate.swift */,
				0A0000010000000000000017 /* Signaller/App/Info.plist */,
				0A000001000000000000001A /* Signaller/App/Signaller.entitlements */,
			);
			name = App;
			sourceTree = "<group>";
		};
		0A0000010000000000000063 /* Shared */ = {
			isa = PBXGroup;
			children = (
				0A0000010000000000000015 /* Signaller/Shared/JourneyActivityAttributes.swift */,
			);
			name = Shared;
			sourceTree = "<group>";
		};
		0A0000010000000000000064 /* LiveActivity */ = {
			isa = PBXGroup;
			children = (
				0A0000010000000000000016 /* Signaller/LiveActivity/SignallerLiveActivityBundle.swift */,
				0A0000010000000000000018 /* Signaller/LiveActivity/Info.plist */,
			);
			name = LiveActivity;
			sourceTree = "<group>";
		};
		0A0000010000000000000065 /* Products */ = {
			isa = PBXGroup;
			children = (
				0A0000010000000000000021 /* Signaller.app */,
				0A0000010000000000000022 /* SignallerLiveActivity.appex */,
				0A0000010000000000000023 /* SignallerTests.xctest */,
			);
			name = Products;
			sourceTree = "<group>";
		};
		0A0000010000000000000066 /* Models */ = {
			isa = PBXGroup;
			children = (
				0A000001000000000000012D /* Signaller/Models/LiveTrain.swift */,
				0A0000010000000000000127 /* Signaller/Models/Commute.swift */,
				0A0000010000000000000128 /* Signaller/Models/Alert.swift */,
				0A0000010000000000000124 /* Signaller/Models/LivePosition.swift */,
				0A0000010000000000000101 /* Signaller/Models/ISO8601.swift */,
				0A0000010000000000000102 /* Signaller/Models/Journey.swift */,
				0A0000010000000000000103 /* Signaller/Models/Board.swift */,
				0A0000010000000000000104 /* Signaller/Models/Station.swift */,
				0A0000010000000000000105 /* Signaller/Models/ServiceDetail.swift */,
				0A0000010000000000000106 /* Signaller/Models/Health.swift */,
			);
			name = Models;
			sourceTree = "<group>";
		};
		0A0000010000000000000067 /* Networking */ = {
			isa = PBXGroup;
			children = (
				0A0000010000000000000126 /* Signaller/Networking/PushRegistrar.swift */,
				0A0000010000000000000122 /* Signaller/Networking/SSEClient.swift */,
				0A0000010000000000000123 /* Signaller/Networking/LiveChannel.swift */,
				0A0000010000000000000107 /* Signaller/Networking/APIError.swift */,
				0A0000010000000000000108 /* Signaller/Networking/APIClient.swift */,
				0A0000010000000000000109 /* Signaller/Networking/AuthStore.swift */,
			);
			name = Networking;
			sourceTree = "<group>";
		};
		0A0000010000000000000068 /* DesignSystem */ = {
			isa = PBXGroup;
			children = (
				0A0000010000000000000112 /* Signaller/DesignSystem/Palette.swift */,
				0A00000100000000000001BE /* Signaller/Models/NetworkStatus.swift */,
				0A00000100000000000001BA /* Signaller/Features/Commute/HolidaysView.swift */,
				0A00000100000000000001B8 /* Signaller/Features/Commute/CommuteCalendarView.swift */,
				0A00000100000000000001B6 /* Signaller/Models/CommuteOverride.swift */,
				0A00000100000000000001B4 /* Signaller/Features/Account/SettingsView.swift */,
				0A00000100000000000001B2 /* Signaller/Models/Fare.swift */,
				0A00000100000000000001B0 /* Signaller/Models/Settings.swift */,
				0A00000100000000000001A8 /* Signaller/Resources/stations.json */,
				0A00000100000000000001A6 /* Signaller/Features/Stations/StationIndex.swift */,
				0A00000100000000000001A4 /* Signaller/Networking/ResponseCache.swift */,
				0A000001000000000000019E /* Signaller/DesignSystem/AccessibleLabels.swift */,
				0A0000010000000000000191 /* Signaller/DesignSystem/SignalMark.swift */,
				0A0000010000000000000193 /* Signaller/Assets.xcassets */,
				0A0000010000000000000113 /* Signaller/DesignSystem/Components.swift */,
				0A0000010000000000000114 /* Signaller/DesignSystem/StatusFormatting.swift */,
			);
			name = DesignSystem;
			sourceTree = "<group>";
		};
		0A0000010000000000000069 /* Features */ = {
			isa = PBXGroup;
			children = (
				0A000001000000000000012E /* Signaller/Features/Map/MapModel.swift */,
				0A000001000000000000012F /* Signaller/Features/Map/LiveMapView.swift */,
				0A0000010000000000000129 /* Signaller/Features/Commute/CommuteModel.swift */,
				0A000001000000000000012A /* Signaller/Features/Commute/CommuteView.swift */,
				0A000001000000000000012B /* Signaller/Features/Alerts/AlertsView.swift */,
				0A000001000000000000012C /* Signaller/Features/Plan/FavouritesModel.swift */,
				0A000001000000000000011F /* Signaller/Networking/AuthClient.swift */,
				0A0000010000000000000120 /* Signaller/Features/Account/SignInView.swift */,
				0A0000010000000000000121 /* Signaller/Features/Account/AccountView.swift */,
				0A0000010000000000000115 /* Signaller/Features/Stations/StationSearchField.swift */,
				0A0000010000000000000116 /* Signaller/Features/Plan/PlanModel.swift */,
				0A0000010000000000000117 /* Signaller/Features/Plan/PlanView.swift */,
				0A0000010000000000000118 /* Signaller/Features/Plan/JourneyRow.swift */,
				0A0000010000000000000119 /* Signaller/Features/Plan/JourneyDetailView.swift */,
				0A000001000000000000011A /* Signaller/Features/Boards/BoardsView.swift */,
				0A000001000000000000011B /* Signaller/Features/Boards/DepartureLine.swift */,
				0A0000010000000000000409 /* Signaller/Features/Boards/NextDepartureHero.swift */,
				0A000001000000000000011C /* Signaller/Features/Service/ServiceDetailView.swift */,
				0A000001000000000000011D /* Signaller/Features/Status/StatusView.swift */,
			);
			name = Features;
			sourceTree = "<group>";
		};
		0A000001000000000000006A /* SignallerTests */ = {
			isa = PBXGroup;
			children = (
				0A0000010000000000000130 /* SignallerTests/ISO8601Tests.swift */,
				0A00000100000000000001BC /* SignallerTests/CommuteOverrideTests.swift */,
				0A00000100000000000001AC /* SignallerTests/ResponseCacheTests.swift */,
				0A00000100000000000001AA /* SignallerTests/StationIndexTests.swift */,
				0A00000100000000000001A2 /* SignallerTests/CodableRoundTripTests.swift */,
				0A00000100000000000001A0 /* SignallerTests/AccessibleLabelsTests.swift */,
				0A000001000000000000019C /* SignallerTests/ViewModelTests.swift */,
				0A000001000000000000019A /* SignallerTests/APIClientTests.swift */,
				0A0000010000000000000198 /* SignallerTests/StubURLProtocol.swift */,
				0A0000010000000000000196 /* SignallerTests/PaletteTests.swift */,
				0A0000010000000000000131 /* SignallerTests/SSEClientTests.swift */,
				0A0000010000000000000132 /* SignallerTests/StatusFormattingTests.swift */,
				0A0000010000000000000133 /* SignallerTests/ModelDecodingTests.swift */,
				0A0000010000000000000134 /* SignallerTests/MapModelTests.swift */,
				0A0000010000000000000136 /* SignallerTests/Fixtures.swift */,
				0A0000010000000000000135 /* Fixtures */,
			);
			name = SignallerTests;
			sourceTree = "<group>";
		};
/* End PBXGroup section */

/* Begin PBXNativeTarget section */
		0A0000010000000000000201 /* Signaller */ = {
			isa = PBXNativeTarget;
			buildConfigurationList = 0A0000010000000000000301 /* Build configuration list for PBXNativeTarget "Signaller" */;
			buildPhases = (
				0A0000010000000000000081 /* Check API base URL */,
				0A0000010000000000000071 /* Sources */,
				0A0000010000000000000051 /* Frameworks */,
				0A0000010000000000000041 /* Embed App Extensions */,
				0A0000010000000000000195 /* Resources */,
			);
			buildRules = (
			);
			dependencies = (
				0A0000010000000000000032 /* PBXTargetDependency */,
			);
			name = Signaller;
			productName = Signaller;
			productReference = 0A0000010000000000000021 /* Signaller.app */;
			productType = "com.apple.product-type.application";
		};
		0A0000010000000000000202 /* SignallerLiveActivity */ = {
			isa = PBXNativeTarget;
			buildConfigurationList = 0A0000010000000000000302 /* Build configuration list for PBXNativeTarget "SignallerLiveActivity" */;
			buildPhases = (
				0A0000010000000000000072 /* Sources */,
				0A0000010000000000000052 /* Frameworks */,
			);
			buildRules = (
			);
			dependencies = (
			);
			name = SignallerLiveActivity;
			productName = SignallerLiveActivity;
			productReference = 0A0000010000000000000022 /* SignallerLiveActivity.appex */;
			productType = "com.apple.product-type.app-extension";
		};
		0A0000010000000000000203 /* SignallerTests */ = {
			isa = PBXNativeTarget;
			buildConfigurationList = 0A0000010000000000000303 /* Build configuration list for PBXNativeTarget "SignallerTests" */;
			buildPhases = (
				0A0000010000000000000073 /* Sources */,
				0A0000010000000000000053 /* Frameworks */,
				0A0000010000000000000074 /* Resources */,
			);
			buildRules = (
			);
			dependencies = (
				0A0000010000000000000033 /* PBXTargetDependency */,
			);
			name = SignallerTests;
			productName = SignallerTests;
			productReference = 0A0000010000000000000023 /* SignallerTests.xctest */;
			productType = "com.apple.product-type.bundle.unit-test";
		};
/* End PBXNativeTarget section */

/* Begin PBXProject section */
		0A0000010000000000000100 /* Project object */ = {
			isa = PBXProject;
			attributes = {
				BuildIndependentTargetsInParallel = 1;
				LastSwiftUpdateCheck = 2600;
				LastUpgradeCheck = 2600;
				TargetAttributes = {
					0A0000010000000000000201 = {
						CreatedOnToolsVersion = 26.0.1;
					};
					0A0000010000000000000202 = {
						CreatedOnToolsVersion = 26.0.1;
					};
				};
			};
			buildConfigurationList = 0A0000010000000000000300 /* Build configuration list for PBXProject "Signaller" */;
			compatibilityVersion = "Xcode 16.0";
			developmentRegion = en;
			hasScannedForEncodings = 0;
			knownRegions = (
				en,
				Base,
			);
			mainGroup = 0A0000010000000000000061;
			minimizedProjectReferenceProxies = 1;
			productRefGroup = 0A0000010000000000000065 /* Products */;
			projectDirPath = "";
			projectRoot = "";
			targets = (
				0A0000010000000000000201 /* Signaller */,
				0A0000010000000000000202 /* SignallerLiveActivity */,
				0A0000010000000000000203 /* SignallerTests */,
			);
		};
/* End PBXProject section */

/* Begin PBXShellScriptBuildPhase section */
		0A0000010000000000000081 /* Check API base URL */ = {
			isa = PBXShellScriptBuildPhase;
			alwaysOutOfDate = 1;
			buildActionMask = 2147483647;
			files = (
			);
			inputPaths = (
			);
			name = "Check API base URL";
			outputPaths = (
			);
			runOnlyForDeploymentPostprocessing = 0;
			shellPath = /bin/sh;
			shellScript = "if [ \"$CONFIGURATION\" != \"Release\" ]; then exit 0; fi\ncase \"$SIGNALLER_API_BASE_URL\" in\n  \"\"|*signaller.example*|http:|https:)\n    echo \"error: SIGNALLER_API_BASE_URL is not usable in a Release build (got: [$SIGNALLER_API_BASE_URL]).\"\n    echo \"note: set SIGNALLER_API_BASE_URL_RELEASE in apps/ios/Signaller.xcconfig to a real https host\"\n    echo \"note: a double-slash starts a comment in xcconfig - build URLs via the SLASHES variable\"\n    exit 1 ;;\nesac\n";
		};
/* End PBXShellScriptBuildPhase section */

/* Begin PBXResourcesBuildPhase section */
		0A0000010000000000000195 /* Resources */ = {
			isa = PBXResourcesBuildPhase;
			buildActionMask = 2147483647;
			files = (
				0A0000010000000000000194 /* Signaller/Assets.xcassets in Resources */,
				0A00000100000000000001A9 /* Signaller/Resources/stations.json in Resources */,
			);
			runOnlyForDeploymentPostprocessing = 0;
		};
		0A0000010000000000000074 /* Resources */ = {
			isa = PBXResourcesBuildPhase;
			buildActionMask = 2147483647;
			files = (
				0A0000010000000000000185 /* Fixtures in Resources */,
			);
			runOnlyForDeploymentPostprocessing = 0;
		};
/* End PBXResourcesBuildPhase section */

/* Begin PBXSourcesBuildPhase section */
		0A0000010000000000000071 /* Sources */ = {
			isa = PBXSourcesBuildPhase;
			buildActionMask = 2147483647;
			files = (
				0A0000010000000000000001 /* Signaller/App/SignallerApp.swift in Sources */,
				0A0000010000000000000004 /* Signaller/App/LiveActivityController.swift in Sources */,
				0A0000010000000000000005 /* Signaller/Shared/JourneyActivityAttributes.swift in Sources */,
				0A000001000000000000017D /* Signaller/Models/LiveTrain.swift in Sources */,
				0A000001000000000000017E /* Signaller/Features/Map/MapModel.swift in Sources */,
				0A000001000000000000017F /* Signaller/Features/Map/LiveMapView.swift in Sources */,
				0A0000010000000000000177 /* Signaller/Models/Commute.swift in Sources */,
				0A0000010000000000000178 /* Signaller/Models/Alert.swift in Sources */,
				0A0000010000000000000179 /* Signaller/Features/Commute/CommuteModel.swift in Sources */,
				0A000001000000000000017A /* Signaller/Features/Commute/CommuteView.swift in Sources */,
				0A000001000000000000017B /* Signaller/Features/Alerts/AlertsView.swift in Sources */,
				0A000001000000000000017C /* Signaller/Features/Plan/FavouritesModel.swift in Sources */,
				0A0000010000000000000175 /* Signaller/App/AppDelegate.swift in Sources */,
				0A0000010000000000000176 /* Signaller/Networking/PushRegistrar.swift in Sources */,
				0A0000010000000000000172 /* Signaller/Networking/SSEClient.swift in Sources */,
				0A0000010000000000000173 /* Signaller/Networking/LiveChannel.swift in Sources */,
				0A0000010000000000000174 /* Signaller/Models/LivePosition.swift in Sources */,
				0A000001000000000000016E /* Signaller/App/DeepLink.swift in Sources */,
				0A000001000000000000016F /* Signaller/Networking/AuthClient.swift in Sources */,
				0A0000010000000000000170 /* Signaller/Features/Account/SignInView.swift in Sources */,
				0A0000010000000000000171 /* Signaller/Features/Account/AccountView.swift in Sources */,
				0A0000010000000000000160 /* Signaller/App/AppEnvironment.swift in Sources */,
				0A0000010000000000000161 /* Signaller/App/RootView.swift in Sources */,
				0A0000010000000000000162 /* Signaller/DesignSystem/Palette.swift in Sources */,
				0A00000100000000000001BF /* Signaller/Models/NetworkStatus.swift in Sources */,
				0A00000100000000000001BB /* Signaller/Features/Commute/HolidaysView.swift in Sources */,
				0A00000100000000000001B9 /* Signaller/Features/Commute/CommuteCalendarView.swift in Sources */,
				0A00000100000000000001B7 /* Signaller/Models/CommuteOverride.swift in Sources */,
				0A00000100000000000001B5 /* Signaller/Features/Account/SettingsView.swift in Sources */,
				0A00000100000000000001B3 /* Signaller/Models/Fare.swift in Sources */,
				0A00000100000000000001B1 /* Signaller/Models/Settings.swift in Sources */,
				0A00000100000000000001A7 /* Signaller/Features/Stations/StationIndex.swift in Sources */,
				0A00000100000000000001A5 /* Signaller/Networking/ResponseCache.swift in Sources */,
				0A000001000000000000019F /* Signaller/DesignSystem/AccessibleLabels.swift in Sources */,
				0A0000010000000000000192 /* Signaller/DesignSystem/SignalMark.swift in Sources */,
				0A0000010000000000000163 /* Signaller/DesignSystem/Components.swift in Sources */,
				0A0000010000000000000164 /* Signaller/DesignSystem/StatusFormatting.swift in Sources */,
				0A0000010000000000000165 /* Signaller/Features/Stations/StationSearchField.swift in Sources */,
				0A0000010000000000000166 /* Signaller/Features/Plan/PlanModel.swift in Sources */,
				0A0000010000000000000167 /* Signaller/Features/Plan/PlanView.swift in Sources */,
				0A0000010000000000000168 /* Signaller/Features/Plan/JourneyRow.swift in Sources */,
				0A0000010000000000000169 /* Signaller/Features/Plan/JourneyDetailView.swift in Sources */,
				0A000001000000000000016A /* Signaller/Features/Boards/BoardsView.swift in Sources */,
				0A000001000000000000016B /* Signaller/Features/Boards/DepartureLine.swift in Sources */,
				0A000001000000000000040A /* Signaller/Features/Boards/NextDepartureHero.swift in Sources */,
				0A000001000000000000016C /* Signaller/Features/Service/ServiceDetailView.swift in Sources */,
				0A000001000000000000016D /* Signaller/Features/Status/StatusView.swift in Sources */,
				0A0000010000000000000151 /* Signaller/Models/ISO8601.swift in Sources */,
				0A0000010000000000000152 /* Signaller/Models/Journey.swift in Sources */,
				0A0000010000000000000153 /* Signaller/Models/Board.swift in Sources */,
				0A0000010000000000000154 /* Signaller/Models/Station.swift in Sources */,
				0A0000010000000000000155 /* Signaller/Models/ServiceDetail.swift in Sources */,
				0A0000010000000000000156 /* Signaller/Models/Health.swift in Sources */,
				0A0000010000000000000157 /* Signaller/Networking/APIError.swift in Sources */,
				0A0000010000000000000158 /* Signaller/Networking/APIClient.swift in Sources */,
				0A0000010000000000000159 /* Signaller/Networking/AuthStore.swift in Sources */,
			);
			runOnlyForDeploymentPostprocessing = 0;
		};
		0A0000010000000000000072 /* Sources */ = {
			isa = PBXSourcesBuildPhase;
			buildActionMask = 2147483647;
			files = (
				0A0000010000000000000006 /* Signaller/LiveActivity/SignallerLiveActivityBundle.swift in Sources */,
				0A0000010000000000000007 /* Signaller/Shared/JourneyActivityAttributes.swift in Sources */,
			);
			runOnlyForDeploymentPostprocessing = 0;
		};
		0A0000010000000000000073 /* Sources */ = {
			isa = PBXSourcesBuildPhase;
			buildActionMask = 2147483647;
			files = (
				0A0000010000000000000186 /* SignallerTests/Fixtures.swift in Sources */,
				0A0000010000000000000180 /* SignallerTests/ISO8601Tests.swift in Sources */,
				0A00000100000000000001BD /* SignallerTests/CommuteOverrideTests.swift in Sources */,
				0A00000100000000000001AD /* SignallerTests/ResponseCacheTests.swift in Sources */,
				0A00000100000000000001AB /* SignallerTests/StationIndexTests.swift in Sources */,
				0A00000100000000000001A3 /* SignallerTests/CodableRoundTripTests.swift in Sources */,
				0A00000100000000000001A1 /* SignallerTests/AccessibleLabelsTests.swift in Sources */,
				0A000001000000000000019D /* SignallerTests/ViewModelTests.swift in Sources */,
				0A000001000000000000019B /* SignallerTests/APIClientTests.swift in Sources */,
				0A0000010000000000000199 /* SignallerTests/StubURLProtocol.swift in Sources */,
				0A0000010000000000000197 /* SignallerTests/PaletteTests.swift in Sources */,
				0A0000010000000000000181 /* SignallerTests/SSEClientTests.swift in Sources */,
				0A0000010000000000000182 /* SignallerTests/StatusFormattingTests.swift in Sources */,
				0A0000010000000000000183 /* SignallerTests/ModelDecodingTests.swift in Sources */,
				0A0000010000000000000184 /* SignallerTests/MapModelTests.swift in Sources */,
			);
			runOnlyForDeploymentPostprocessing = 0;
		};
/* End PBXSourcesBuildPhase section */

/* Begin PBXTargetDependency section */
		0A0000010000000000000032 /* PBXTargetDependency */ = {
			isa = PBXTargetDependency;
			target = 0A0000010000000000000202 /* SignallerLiveActivity */;
			targetProxy = 0A0000010000000000000031 /* PBXContainerItemProxy */;
		};
		0A0000010000000000000033 /* PBXTargetDependency */ = {
			isa = PBXTargetDependency;
			target = 0A0000010000000000000201 /* Signaller */;
			targetProxy = 0A0000010000000000000034 /* PBXContainerItemProxy */;
		};
/* End PBXTargetDependency section */

/* Begin XCBuildConfiguration section */
		0A0000010000000000000401 /* Debug */ = {
			isa = XCBuildConfiguration;
			baseConfigurationReference = 0A0000010000000000000019 /* Signaller.xcconfig */;
			buildSettings = {
				ALWAYS_SEARCH_USER_PATHS = NO;
				CLANG_ANALYZER_NONNULL = YES;
				CLANG_ANALYZER_NUMBER_OBJECT_CONVERSION = YES_AGGRESSIVE;
				CLANG_CXX_LANGUAGE_STANDARD = "gnu++20";
				CLANG_ENABLE_MODULES = YES;
				CLANG_ENABLE_OBJC_ARC = YES;
				CLANG_ENABLE_OBJC_WEAK = YES;
				CLANG_WARN_BLOCK_CAPTURE_AUTORELEASING = YES;
				CLANG_WARN_BOOL_CONVERSION = YES;
				CLANG_WARN_COMMA = YES;
				CLANG_WARN_CONSTANT_CONVERSION = YES;
				CLANG_WARN_DEPRECATED_OBJC_IMPLEMENTATIONS = YES;
				CLANG_WARN_DIRECT_OBJC_ISA_USAGE = YES_ERROR;
				CLANG_WARN_DOCUMENTATION_COMMENTS = YES;
				CLANG_WARN_EMPTY_BODY = YES;
				CLANG_WARN_ENUM_CONVERSION = YES;
				CLANG_WARN_INFINITE_RECURSION = YES;
				CLANG_WARN_INT_CONVERSION = YES;
				CLANG_WARN_NON_LITERAL_NULL_CONVERSION = YES;
				CLANG_WARN_OBJC_IMPLICIT_RETAIN_SELF = YES;
				CLANG_WARN_OBJC_LITERAL_CONVERSION = YES;
				CLANG_WARN_OBJC_ROOT_CLASS = YES_ERROR;
				CLANG_WARN_QUOTED_INCLUDE_IN_FRAMEWORK_HEADER = YES;
				CLANG_WARN_RANGE_LOOP_ANALYSIS = YES;
				CLANG_WARN_STRICT_PROTOTYPES = YES;
				CLANG_WARN_SUSPICIOUS_MOVE = YES;
				CLANG_WARN_UNGUARDED_AVAILABILITY = YES_AGGRESSIVE;
				CLANG_WARN_UNREACHABLE_CODE = YES;
				COPY_PHASE_STRIP = NO;
				DEBUG_INFORMATION_FORMAT = dwarf;
				ENABLE_STRICT_OBJC_MSGSEND = YES;
				ENABLE_TESTABILITY = YES;
				ENABLE_USER_SCRIPT_SANDBOXING = YES;
				GCC_C_LANGUAGE_STANDARD = gnu17;
				GCC_DYNAMIC_NO_PIC = NO;
				GCC_NO_COMMON_BLOCKS = YES;
				GCC_OPTIMIZATION_LEVEL = 0;
				GCC_PREPROCESSOR_DEFINITIONS = (
					"DEBUG=1",
					"$(inherited)",
				);
				GCC_WARN_64_TO_32_BIT_CONVERSION = YES;
				GCC_WARN_ABOUT_RETURN_TYPE = YES_ERROR;
				GCC_WARN_UNDECLARED_SELECTOR = YES;
				GCC_WARN_UNINITIALIZED_AUTOS = YES_AGGRESSIVE;
				GCC_WARN_UNUSED_FUNCTION = YES;
				GCC_WARN_UNUSED_VARIABLE = YES;
				IPHONEOS_DEPLOYMENT_TARGET = 18.0;
				MTL_ENABLE_DEBUG_INFO = INCLUDE_SOURCE;
				MTL_FAST_MATH = YES;
				ONLY_ACTIVE_ARCH = YES;
				SDKROOT = iphoneos;
				SWIFT_ACTIVE_COMPILATION_CONDITIONS = DEBUG;
				SWIFT_OPTIMIZATION_LEVEL = "-Onone";
			};
			name = Debug;
		};
		0A0000010000000000000402 /* Release */ = {
			isa = XCBuildConfiguration;
			baseConfigurationReference = 0A0000010000000000000019 /* Signaller.xcconfig */;
			buildSettings = {
				ALWAYS_SEARCH_USER_PATHS = NO;
				CLANG_ANALYZER_NONNULL = YES;
				CLANG_ANALYZER_NUMBER_OBJECT_CONVERSION = YES_AGGRESSIVE;
				CLANG_CXX_LANGUAGE_STANDARD = "gnu++20";
				CLANG_ENABLE_MODULES = YES;
				CLANG_ENABLE_OBJC_ARC = YES;
				CLANG_ENABLE_OBJC_WEAK = YES;
				CLANG_WARN_BLOCK_CAPTURE_AUTORELEASING = YES;
				CLANG_WARN_BOOL_CONVERSION = YES;
				CLANG_WARN_COMMA = YES;
				CLANG_WARN_CONSTANT_CONVERSION = YES;
				CLANG_WARN_DEPRECATED_OBJC_IMPLEMENTATIONS = YES;
				CLANG_WARN_DIRECT_OBJC_ISA_USAGE = YES_ERROR;
				CLANG_WARN_DOCUMENTATION_COMMENTS = YES;
				CLANG_WARN_EMPTY_BODY = YES;
				CLANG_WARN_ENUM_CONVERSION = YES;
				CLANG_WARN_INFINITE_RECURSION = YES;
				CLANG_WARN_INT_CONVERSION = YES;
				CLANG_WARN_NON_LITERAL_NULL_CONVERSION = YES;
				CLANG_WARN_OBJC_IMPLICIT_RETAIN_SELF = YES;
				CLANG_WARN_OBJC_LITERAL_CONVERSION = YES;
				CLANG_WARN_OBJC_ROOT_CLASS = YES_ERROR;
				CLANG_WARN_QUOTED_INCLUDE_IN_FRAMEWORK_HEADER = YES;
				CLANG_WARN_RANGE_LOOP_ANALYSIS = YES;
				CLANG_WARN_STRICT_PROTOTYPES = YES;
				CLANG_WARN_SUSPICIOUS_MOVE = YES;
				CLANG_WARN_UNGUARDED_AVAILABILITY = YES_AGGRESSIVE;
				CLANG_WARN_UNREACHABLE_CODE = YES;
				COPY_PHASE_STRIP = NO;
				DEBUG_INFORMATION_FORMAT = "dwarf-with-dsym";
				ENABLE_NS_ASSERTIONS = NO;
				ENABLE_STRICT_OBJC_MSGSEND = YES;
				ENABLE_USER_SCRIPT_SANDBOXING = YES;
				GCC_C_LANGUAGE_STANDARD = gnu17;
				GCC_NO_COMMON_BLOCKS = YES;
				GCC_WARN_64_TO_32_BIT_CONVERSION = YES;
				GCC_WARN_ABOUT_RETURN_TYPE = YES_ERROR;
				GCC_WARN_UNDECLARED_SELECTOR = YES;
				GCC_WARN_UNINITIALIZED_AUTOS = YES_AGGRESSIVE;
				GCC_WARN_UNUSED_FUNCTION = YES;
				GCC_WARN_UNUSED_VARIABLE = YES;
				IPHONEOS_DEPLOYMENT_TARGET = 18.0;
				MTL_ENABLE_DEBUG_INFO = NO;
				MTL_FAST_MATH = YES;
				SDKROOT = iphoneos;
				SWIFT_COMPILATION_MODE = wholemodule;
				SWIFT_OPTIMIZATION_LEVEL = "-O";
				VALIDATE_PRODUCT = YES;
			};
			name = Release;
		};
		0A0000010000000000000403 /* Debug */ = {
			isa = XCBuildConfiguration;
			buildSettings = {
				CODE_SIGN_ENTITLEMENTS = "$(SIGNALLER_CODE_SIGN_ENTITLEMENTS_DEBUG)";
				CODE_SIGN_STYLE = Automatic;
				CURRENT_PROJECT_VERSION = 1;
				DEVELOPMENT_TEAM = "$(SIGNALLER_DEV_TEAM)";
				GENERATE_INFOPLIST_FILE = NO;
				ASSETCATALOG_COMPILER_APPICON_NAME = AppIcon;
				ASSETCATALOG_COMPILER_GLOBAL_ACCENT_COLOR_NAME = AccentColor;
				INFOPLIST_FILE = Signaller/App/Info.plist;
				IPHONEOS_DEPLOYMENT_TARGET = 18.0;
				LD_RUNPATH_SEARCH_PATHS = (
					"$(inherited)",
					"@executable_path/Frameworks",
				);
				MARKETING_VERSION = 1.0;
				PRODUCT_BUNDLE_IDENTIFIER = uk.signaller.app;
				PRODUCT_NAME = "$(TARGET_NAME)";
				SIGNALLER_API_BASE_URL = "$(SIGNALLER_API_BASE_URL_DEBUG)";
				SWIFT_STRICT_CONCURRENCY = complete;
				SWIFT_VERSION = 6.0;
				TARGETED_DEVICE_FAMILY = "1,2";
			};
			name = Debug;
		};
		0A0000010000000000000404 /* Release */ = {
			isa = XCBuildConfiguration;
			buildSettings = {
				CODE_SIGN_ENTITLEMENTS = "$(SIGNALLER_CODE_SIGN_ENTITLEMENTS_RELEASE)";
				CODE_SIGN_STYLE = Automatic;
				CURRENT_PROJECT_VERSION = 1;
				DEVELOPMENT_TEAM = "$(SIGNALLER_DEV_TEAM)";
				GENERATE_INFOPLIST_FILE = NO;
				ASSETCATALOG_COMPILER_APPICON_NAME = AppIcon;
				ASSETCATALOG_COMPILER_GLOBAL_ACCENT_COLOR_NAME = AccentColor;
				INFOPLIST_FILE = Signaller/App/Info.plist;
				IPHONEOS_DEPLOYMENT_TARGET = 18.0;
				LD_RUNPATH_SEARCH_PATHS = (
					"$(inherited)",
					"@executable_path/Frameworks",
				);
				MARKETING_VERSION = 1.0;
				PRODUCT_BUNDLE_IDENTIFIER = uk.signaller.app;
				PRODUCT_NAME = "$(TARGET_NAME)";
				SIGNALLER_API_BASE_URL = "$(SIGNALLER_API_BASE_URL_RELEASE)";
				SWIFT_STRICT_CONCURRENCY = complete;
				SWIFT_VERSION = 6.0;
				TARGETED_DEVICE_FAMILY = "1,2";
			};
			name = Release;
		};
		0A0000010000000000000405 /* Debug */ = {
			isa = XCBuildConfiguration;
			buildSettings = {
				CODE_SIGN_STYLE = Automatic;
				CURRENT_PROJECT_VERSION = 1;
				DEVELOPMENT_TEAM = "$(SIGNALLER_DEV_TEAM)";
				GENERATE_INFOPLIST_FILE = NO;
				INFOPLIST_FILE = Signaller/LiveActivity/Info.plist;
				IPHONEOS_DEPLOYMENT_TARGET = 18.0;
				LD_RUNPATH_SEARCH_PATHS = (
					"$(inherited)",
					"@executable_path/Frameworks",
					"@executable_path/../../Frameworks",
				);
				MARKETING_VERSION = 1.0;
				PRODUCT_BUNDLE_IDENTIFIER = uk.signaller.app.liveactivity;
				PRODUCT_NAME = "$(TARGET_NAME)";
				SKIP_INSTALL = YES;
				SWIFT_STRICT_CONCURRENCY = complete;
				SWIFT_VERSION = 6.0;
				TARGETED_DEVICE_FAMILY = "1,2";
			};
			name = Debug;
		};
		0A0000010000000000000406 /* Release */ = {
			isa = XCBuildConfiguration;
			buildSettings = {
				CODE_SIGN_STYLE = Automatic;
				CURRENT_PROJECT_VERSION = 1;
				DEVELOPMENT_TEAM = "$(SIGNALLER_DEV_TEAM)";
				GENERATE_INFOPLIST_FILE = NO;
				INFOPLIST_FILE = Signaller/LiveActivity/Info.plist;
				IPHONEOS_DEPLOYMENT_TARGET = 18.0;
				LD_RUNPATH_SEARCH_PATHS = (
					"$(inherited)",
					"@executable_path/Frameworks",
					"@executable_path/../../Frameworks",
				);
				MARKETING_VERSION = 1.0;
				PRODUCT_BUNDLE_IDENTIFIER = uk.signaller.app.liveactivity;
				PRODUCT_NAME = "$(TARGET_NAME)";
				SKIP_INSTALL = YES;
				SWIFT_STRICT_CONCURRENCY = complete;
				SWIFT_VERSION = 6.0;
				TARGETED_DEVICE_FAMILY = "1,2";
			};
			name = Release;
		};
		0A0000010000000000000407 /* Debug */ = {
			isa = XCBuildConfiguration;
			buildSettings = {
				ALWAYS_EMBED_SWIFT_STANDARD_LIBRARIES = YES;
				BUNDLE_LOADER = "$(TEST_HOST)";
				CODE_SIGN_STYLE = Automatic;
				DEVELOPMENT_TEAM = "$(SIGNALLER_DEV_TEAM)";
				GENERATE_INFOPLIST_FILE = YES;
				IPHONEOS_DEPLOYMENT_TARGET = 18.0;
				PRODUCT_BUNDLE_IDENTIFIER = uk.signaller.app.tests;
				PRODUCT_NAME = "$(TARGET_NAME)";
				SWIFT_STRICT_CONCURRENCY = complete;
				SWIFT_VERSION = 6.0;
				TARGETED_DEVICE_FAMILY = "1,2";
				TEST_HOST = "$(BUILT_PRODUCTS_DIR)/Signaller.app/$(BUNDLE_EXECUTABLE_FOLDER_PATH)/Signaller";
			};
			name = Debug;
		};
		0A0000010000000000000408 /* Release */ = {
			isa = XCBuildConfiguration;
			buildSettings = {
				ALWAYS_EMBED_SWIFT_STANDARD_LIBRARIES = YES;
				BUNDLE_LOADER = "$(TEST_HOST)";
				CODE_SIGN_STYLE = Automatic;
				DEVELOPMENT_TEAM = "$(SIGNALLER_DEV_TEAM)";
				GENERATE_INFOPLIST_FILE = YES;
				IPHONEOS_DEPLOYMENT_TARGET = 18.0;
				PRODUCT_BUNDLE_IDENTIFIER = uk.signaller.app.tests;
				PRODUCT_NAME = "$(TARGET_NAME)";
				SWIFT_STRICT_CONCURRENCY = complete;
				SWIFT_VERSION = 6.0;
				TARGETED_DEVICE_FAMILY = "1,2";
				TEST_HOST = "$(BUILT_PRODUCTS_DIR)/Signaller.app/$(BUNDLE_EXECUTABLE_FOLDER_PATH)/Signaller";
			};
			name = Release;
		};
/* End XCBuildConfiguration section */

/* Begin XCConfigurationList section */
		0A0000010000000000000300 /* Build configuration list for PBXProject "Signaller" */ = {
			isa = XCConfigurationList;
			buildConfigurations = (
				0A0000010000000000000401 /* Debug */,
				0A0000010000000000000402 /* Release */,
			);
			defaultConfigurationIsVisible = 0;
			defaultConfigurationName = Release;
		};
		0A0000010000000000000301 /* Build configuration list for PBXNativeTarget "Signaller" */ = {
			isa = XCConfigurationList;
			buildConfigurations = (
				0A0000010000000000000403 /* Debug */,
				0A0000010000000000000404 /* Release */,
			);
			defaultConfigurationIsVisible = 0;
			defaultConfigurationName = Release;
		};
		0A0000010000000000000302 /* Build configuration list for PBXNativeTarget "SignallerLiveActivity" */ = {
			isa = XCConfigurationList;
			buildConfigurations = (
				0A0000010000000000000405 /* Debug */,
				0A0000010000000000000406 /* Release */,
			);
			defaultConfigurationIsVisible = 0;
			defaultConfigurationName = Release;
		};
		0A0000010000000000000303 /* Build configuration list for PBXNativeTarget "SignallerTests" */ = {
			isa = XCConfigurationList;
			buildConfigurations = (
				0A0000010000000000000407 /* Debug */,
				0A0000010000000000000408 /* Release */,
			);
			defaultConfigurationIsVisible = 0;
			defaultConfigurationName = Release;
		};
/* End XCConfigurationList section */
	};
	rootObject = 0A0000010000000000000100 /* Project object */;
}
